
Microsoft Visual Studio Solution File, Format Version 12.00
# Visual Studio Version 17
VisualStudioVersion = 17.4.33213.308
MinimumVisualStudioVersion = 10.0.40219.1
Project("{FAE04EC0-301F-11D3-BF4B-00C04F79EFBC}") = "BlazorApp1", "BlazorApp1\BlazorApp1.csproj", "{BE2CEB57-FB65-4F27-BC8B-A7846DC7483F}"
EndProject
Global
	GlobalSection(SolutionConfigurationPlatforms) = preSolution
		Debug|Any CPU = Debug|Any CPU
		Release|Any CPU = Release|Any CPU
	EndGlobalSection
	GlobalSection(ProjectConfigurationPlatforms) = postSolution
		{BE2CEB57-FB65-4F27-BC8B-A7846DC7483F}.Debug|Any CPU.ActiveCfg = Debug|Any CPU
		{BE2CEB57-FB65-4F27-BC8B-A7846DC7483F}.Debug|Any CPU.Build.0 = Debug|Any CPU
		{BE2CEB57-FB65-4F27-BC8B-A7846DC7483F}.Release|Any CPU.ActiveCfg = Release|Any CPU
		{BE2CEB57-FB65-4F27-BC8B-A7846DC7483F}.Release|Any CPU.Build.0 = Release|Any CPU
	EndGlobalSection
	GlobalSection(SolutionProperties) = preSolution
		HideSolutionNode = FALSE
	EndGlobalSection
	GlobalSection(ExtensibilityGlobals) = postSolution
		SolutionGuid = {BB60D8F2-D91C-4181-9877-D17DF68578A6}
	EndGlobalSection
EndGlobal
